# This file was autogenerated by Stack.
# You should not edit this file by hand.
# For more information, please see the documentation at:
#   https://docs.haskellstack.org/en/stable/lock_files

packages:
- completed:
    commit: 83b04cb576208ea74ddd62016e4fa03f0df138ac
    git: https://github.com/luc-tielen/llvm-codegen.git
    name: llvm-codegen
    pantry-tree:
      sha256: c2e5e20d8f47c024ef1a124126746b1e1ecd9cc7d78721f25c0b9a572c5c577b
      size: 1633
    version: 0.1.0.0
  original:
    commit: 83b04cb576208ea74ddd62016e4fa03f0df138ac
    git: https://github.com/luc-tielen/llvm-codegen.git
snapshots:
- completed:
    sha256: 3f59fb01f884a786c64e247ffe145df5f6045d929b1d2752b5ce768e37fd44e5
    size: 724510
    url: https://raw.githubusercontent.com/commercialhaskell/stackage-snapshots/master/lts/24/0.yaml
  original: lts-24.0
